# THIS IS AN AUTOGENERATED FILE. DO NOT EDIT THIS FILE DIRECTLY.
# yarn lockfile v1


bootstrap-material-design@^4.1.1:
  version "4.1.1"
  resolved "https://registry.yarnpkg.com/bootstrap-material-design/-/bootstrap-material-design-4.1.1.tgz#87433db0bf64d6a0afb0f5faaa8606134c9d26d2"

bootstrap@^4.1.0:
  version "4.1.0"
  resolved "https://registry.yarnpkg.com/bootstrap/-/bootstrap-4.1.0.tgz#110b05c31a236d56dbc9adcda6dd16f53738a28a"

jquery@^3.3.1:
  version "3.3.1"
  resolved "https://registry.yarnpkg.com/jquery/-/jquery-3.3.1.tgz#958ce29e81c9790f31be7792df5d4d95fc57fbca"

popper.js@^1.14.3:
  version "1.14.3"
  resolved "https://registry.yarnpkg.com/popper.js/-/popper.js-1.14.3.tgz#1438f98d046acf7b4d78cd502bf418ac64d4f095"

yarn@^1.6.0:
  version "1.6.0"
  resolved "https://registry.yarnpkg.com/yarn/-/yarn-1.6.0.tgz#9cec6f7986dc237d39ec705ce74d95155fe55d4b"
